
Microsoft Visual Studio Solution File, Format Version 10.00
# Visual Studio 2008
Project("{FAE04EC0-301F-11D3-BF4B-00C04F79EFBC}") = "RoverLib", "RoverLib.csproj", "{69DCFF53-632A-4297-8598-5EF71901EE8B}"
EndProject
Project("{FAE04EC0-301F-11D3-BF4B-00C04F79EFBC}") = "RoverApp", "RoverApp.csproj", "{3A713E95-2688-49A5-A01C-BB6E5483E08B}"
EndProject
Project("{FAE04EC0-301F-11D3-BF4B-00C04F79EFBC}") = "RoverTest", "RoverTest\RoverTest.csproj", "{E640C116-BCAE-425D-ABCF-0543081D6D78}"
EndProject
Project("{2150E333-8FDC-42A3-9474-1A3956D46DE8}") = "Solution Items", "Solution Items", "{1ED5F23A-60FA-498A-9C87-86012A78A9E3}"
	ProjectSection(SolutionItems) = preProject
		LocalTestRun.testrunconfig = LocalTestRun.testrunconfig
		Rover.vsmdi = Rover.vsmdi
		Rover1.vsmdi = Rover1.vsmdi
	EndProjectSection
EndProject
Global
	GlobalSection(TestCaseManagementSettings) = postSolution
		CategoryFile = Rover1.vsmdi
	EndGlobalSection
	GlobalSection(SolutionConfigurationPlatforms) = preSolution
		Debug|Any CPU = Debug|Any CPU
		Debug|Mixed Platforms = Debug|Mixed Platforms
		Debug|x86 = Debug|x86
		Release|Any CPU = Release|Any CPU
		Release|Mixed Platforms = Release|Mixed Platforms
		Release|x86 = Release|x86
	EndGlobalSection
	GlobalSection(ProjectConfigurationPlatforms) = postSolution
		{69DCFF53-632A-4297-8598-5EF71901EE8B}.Debug|Any CPU.ActiveCfg = Debug|x86
		{69DCFF53-632A-4297-8598-5EF71901EE8B}.Debug|Mixed Platforms.ActiveCfg = Debug|x86
		{69DCFF53-632A-4297-8598-5EF71901EE8B}.Debug|Mixed Platforms.Build.0 = Debug|x86
		{69DCFF53-632A-4297-8598-5EF71901EE8B}.Debug|x86.ActiveCfg = Debug|x86
		{69DCFF53-632A-4297-8598-5EF71901EE8B}.Debug|x86.Build.0 = Debug|x86
		{69DCFF53-632A-4297-8598-5EF71901EE8B}.Release|Any CPU.ActiveCfg = Release|x86
		{69DCFF53-632A-4297-8598-5EF71901EE8B}.Release|Mixed Platforms.ActiveCfg = Release|x86
		{69DCFF53-632A-4297-8598-5EF71901EE8B}.Release|Mixed Platforms.Build.0 = Release|x86
		{69DCFF53-632A-4297-8598-5EF71901EE8B}.Release|x86.ActiveCfg = Release|x86
		{69DCFF53-632A-4297-8598-5EF71901EE8B}.Release|x86.Build.0 = Release|x86
		{3A713E95-2688-49A5-A01C-BB6E5483E08B}.Debug|Any CPU.ActiveCfg = Debug|x86
		{3A713E95-2688-49A5-A01C-BB6E5483E08B}.Debug|Mixed Platforms.ActiveCfg = Debug|x86
		{3A713E95-2688-49A5-A01C-BB6E5483E08B}.Debug|Mixed Platforms.Build.0 = Debug|x86
		{3A713E95-2688-49A5-A01C-BB6E5483E08B}.Debug|x86.ActiveCfg = Debug|x86
		{3A713E95-2688-49A5-A01C-BB6E5483E08B}.Debug|x86.Build.0 = Debug|x86
		{3A713E95-2688-49A5-A01C-BB6E5483E08B}.Release|Any CPU.ActiveCfg = Release|x86
		{3A713E95-2688-49A5-A01C-BB6E5483E08B}.Release|Mixed Platforms.ActiveCfg = Release|x86
		{3A713E95-2688-49A5-A01C-BB6E5483E08B}.Release|Mixed Platforms.Build.0 = Release|x86
		{3A713E95-2688-49A5-A01C-BB6E5483E08B}.Release|x86.ActiveCfg = Release|x86
		{3A713E95-2688-49A5-A01C-BB6E5483E08B}.Release|x86.Build.0 = Release|x86
		{E640C116-BCAE-425D-ABCF-0543081D6D78}.Debug|Any CPU.ActiveCfg = Debug|Any CPU
		{E640C116-BCAE-425D-ABCF-0543081D6D78}.Debug|Any CPU.Build.0 = Debug|Any CPU
		{E640C116-BCAE-425D-ABCF-0543081D6D78}.Debug|Mixed Platforms.ActiveCfg = Debug|Any CPU
		{E640C116-BCAE-425D-ABCF-0543081D6D78}.Debug|Mixed Platforms.Build.0 = Debug|Any CPU
		{E640C116-BCAE-425D-ABCF-0543081D6D78}.Debug|x86.ActiveCfg = Debug|Any CPU
		{E640C116-BCAE-425D-ABCF-0543081D6D78}.Release|Any CPU.ActiveCfg = Release|Any CPU
		{E640C116-BCAE-425D-ABCF-0543081D6D78}.Release|Any CPU.Build.0 = Release|Any CPU
		{E640C116-BCAE-425D-ABCF-0543081D6D78}.Release|Mixed Platforms.ActiveCfg = Release|Any CPU
		{E640C116-BCAE-425D-ABCF-0543081D6D78}.Release|Mixed Platforms.Build.0 = Release|Any CPU
		{E640C116-BCAE-425D-ABCF-0543081D6D78}.Release|x86.ActiveCfg = Release|Any CPU
	EndGlobalSection
	GlobalSection(SolutionProperties) = preSolution
		HideSolutionNode = FALSE
	EndGlobalSection
EndGlobal
